
Microsoft Visual Studio Solution File, Format Version 12.00
# Visual Studio Version 16
VisualStudioVersion = 16.0.29911.84
MinimumVisualStudioVersion = 10.0.40219.1
Project("{9A19103F-16F7-4668-BE54-9A1E7A4F7556}") = "BankInterestRecrussion", "BankInterestRecrussion\BankInterestRecrussion.csproj", "{E29CE60C-010C-4FFF-AE0D-C5221D43034C}"
EndProject
Project("{9A19103F-16F7-4668-BE54-9A1E7A4F7556}") = "BankInterestLooping", "BankInterestLooping\BankInterestLooping.csproj", "{D62BEC2E-7B3C-4D17-89D6-852A817E0042}"
EndProject
Project("{9A19103F-16F7-4668-BE54-9A1E7A4F7556}") = "BankInterest", "BankInterest\BankInterest.csproj", "{48BA7CE5-6602-4D14-B4C7-CF8D264336D2}"
EndProject
Project("{FAE04EC0-301F-11D3-BF4B-00C04F79EFBC}") = "multilevel discount", "multilevel discount\multilevel discount.csproj", "{FE057B87-5315-4D35-A719-56E9F9BE3ED7}"
EndProject
Project("{FAE04EC0-301F-11D3-BF4B-00C04F79EFBC}") = "ArabicRoman", "ArabicRoman\ArabicRoman.csproj", "{A42BB88A-E30A-4833-A1E2-8E5C5C0D2E81}"
EndProject
Project("{FAE04EC0-301F-11D3-BF4B-00C04F79EFBC}") = "Transform", "Transform\Transform.csproj", "{FB079354-1C46-4AE6-8045-AB1485888EDE}"
EndProject
Global
	GlobalSection(SolutionConfigurationPlatforms) = preSolution
		Debug|Any CPU = Debug|Any CPU
		Release|Any CPU = Release|Any CPU
	EndGlobalSection
	GlobalSection(ProjectConfigurationPlatforms) = postSolution
		{E29CE60C-010C-4FFF-AE0D-C5221D43034C}.Debug|Any CPU.ActiveCfg = Debug|Any CPU
		{E29CE60C-010C-4FFF-AE0D-C5221D43034C}.Debug|Any CPU.Build.0 = Debug|Any CPU
		{E29CE60C-010C-4FFF-AE0D-C5221D43034C}.Release|Any CPU.ActiveCfg = Release|Any CPU
		{E29CE60C-010C-4FFF-AE0D-C5221D43034C}.Release|Any CPU.Build.0 = Release|Any CPU
		{D62BEC2E-7B3C-4D17-89D6-852A817E0042}.Debug|Any CPU.ActiveCfg = Debug|Any CPU
		{D62BEC2E-7B3C-4D17-89D6-852A817E0042}.Debug|Any CPU.Build.0 = Debug|Any CPU
		{D62BEC2E-7B3C-4D17-89D6-852A817E0042}.Release|Any CPU.ActiveCfg = Release|Any CPU
		{D62BEC2E-7B3C-4D17-89D6-852A817E0042}.Release|Any CPU.Build.0 = Release|Any CPU
		{48BA7CE5-6602-4D14-B4C7-CF8D264336D2}.Debug|Any CPU.ActiveCfg = Debug|Any CPU
		{48BA7CE5-6602-4D14-B4C7-CF8D264336D2}.Debug|Any CPU.Build.0 = Debug|Any CPU
		{48BA7CE5-6602-4D14-B4C7-CF8D264336D2}.Release|Any CPU.ActiveCfg = Release|Any CPU
		{48BA7CE5-6602-4D14-B4C7-CF8D264336D2}.Release|Any CPU.Build.0 = Release|Any CPU
		{FE057B87-5315-4D35-A719-56E9F9BE3ED7}.Debug|Any CPU.ActiveCfg = Debug|Any CPU
		{FE057B87-5315-4D35-A719-56E9F9BE3ED7}.Debug|Any CPU.Build.0 = Debug|Any CPU
		{FE057B87-5315-4D35-A719-56E9F9BE3ED7}.Release|Any CPU.ActiveCfg = Release|Any CPU
		{FE057B87-5315-4D35-A719-56E9F9BE3ED7}.Release|Any CPU.Build.0 = Release|Any CPU
		{A42BB88A-E30A-4833-A1E2-8E5C5C0D2E81}.Debug|Any CPU.ActiveCfg = Debug|Any CPU
		{A42BB88A-E30A-4833-A1E2-8E5C5C0D2E81}.Debug|Any CPU.Build.0 = Debug|Any CPU
		{A42BB88A-E30A-4833-A1E2-8E5C5C0D2E81}.Release|Any CPU.ActiveCfg = Release|Any CPU
		{A42BB88A-E30A-4833-A1E2-8E5C5C0D2E81}.Release|Any CPU.Build.0 = Release|Any CPU
		{FB079354-1C46-4AE6-8045-AB1485888EDE}.Debug|Any CPU.ActiveCfg = Debug|Any CPU
		{FB079354-1C46-4AE6-8045-AB1485888EDE}.Debug|Any CPU.Build.0 = Debug|Any CPU
		{FB079354-1C46-4AE6-8045-AB1485888EDE}.Release|Any CPU.ActiveCfg = Release|Any CPU
		{FB079354-1C46-4AE6-8045-AB1485888EDE}.Release|Any CPU.Build.0 = Release|Any CPU
	EndGlobalSection
	GlobalSection(SolutionProperties) = preSolution
		HideSolutionNode = FALSE
	EndGlobalSection
	GlobalSection(ExtensibilityGlobals) = postSolution
		SolutionGuid = {F89D6A50-8687-41FF-8230-0DD264430E20}
	EndGlobalSection
EndGlobal
